
Microsoft Visual Studio Solution File, Format Version 12.00
# Visual Studio Version 17
VisualStudioVersion = 17.14.36623.8
MinimumVisualStudioVersion = 10.0.40219.1
Project("{FAE04EC0-301F-11D3-BF4B-00C04F79EFBC}") = "Hecole.Mediator", "Hecole.Mediator.csproj", "{90C6A83B-373B-4A1E-9F9F-D36623FDCA0F}"
EndProject
Project("{FAE04EC0-301F-11D3-BF4B-00C04F79EFBC}") = "Hecole.Mediator.Tests", "Hecole.Mediator.Tests\Hecole.Mediator.Tests.csproj", "{151F724B-6680-42AD-9388-A6E042BD3FF8}"
EndProject
Global
	GlobalSection(SolutionConfigurationPlatforms) = preSolution
		Debug|Any CPU = Debug|Any CPU
		Debug|x64 = Debug|x64
		Debug|x86 = Debug|x86
		Release|Any CPU = Release|Any CPU
		Release|x64 = Release|x64
		Release|x86 = Release|x86
	EndGlobalSection
	GlobalSection(ProjectConfigurationPlatforms) = postSolution
		{90C6A83B-373B-4A1E-9F9F-D36623FDCA0F}.Debug|Any CPU.ActiveCfg = Debug|Any CPU
		{90C6A83B-373B-4A1E-9F9F-D36623FDCA0F}.Debug|Any CPU.Build.0 = Debug|Any CPU
		{90C6A83B-373B-4A1E-9F9F-D36623FDCA0F}.Debug|x64.ActiveCfg = Debug|Any CPU
		{90C6A83B-373B-4A1E-9F9F-D36623FDCA0F}.Debug|x64.Build.0 = Debug|Any CPU
		{90C6A83B-373B-4A1E-9F9F-D36623FDCA0F}.Debug|x86.ActiveCfg = Debug|Any CPU
		{90C6A83B-373B-4A1E-9F9F-D36623FDCA0F}.Debug|x86.Build.0 = Debug|Any CPU
		{90C6A83B-373B-4A1E-9F9F-D36623FDCA0F}.Release|Any CPU.ActiveCfg = Release|Any CPU
		{90C6A83B-373B-4A1E-9F9F-D36623FDCA0F}.Release|Any CPU.Build.0 = Release|Any CPU
		{90C6A83B-373B-4A1E-9F9F-D36623FDCA0F}.Release|x64.ActiveCfg = Release|Any CPU
		{90C6A83B-373B-4A1E-9F9F-D36623FDCA0F}.Release|x64.Build.0 = Release|Any CPU
		{90C6A83B-373B-4A1E-9F9F-D36623FDCA0F}.Release|x86.ActiveCfg = Release|Any CPU
		{90C6A83B-373B-4A1E-9F9F-D36623FDCA0F}.Release|x86.Build.0 = Release|Any CPU
		{151F724B-6680-42AD-9388-A6E042BD3FF8}.Debug|Any CPU.ActiveCfg = Debug|Any CPU
		{151F724B-6680-42AD-9388-A6E042BD3FF8}.Debug|Any CPU.Build.0 = Debug|Any CPU
		{151F724B-6680-42AD-9388-A6E042BD3FF8}.Debug|x64.ActiveCfg = Debug|Any CPU
		{151F724B-6680-42AD-9388-A6E042BD3FF8}.Debug|x64.Build.0 = Debug|Any CPU
		{151F724B-6680-42AD-9388-A6E042BD3FF8}.Debug|x86.ActiveCfg = Debug|Any CPU
		{151F724B-6680-42AD-9388-A6E042BD3FF8}.Debug|x86.Build.0 = Debug|Any CPU
		{151F724B-6680-42AD-9388-A6E042BD3FF8}.Release|Any CPU.ActiveCfg = Release|Any CPU
		{151F724B-6680-42AD-9388-A6E042BD3FF8}.Release|Any CPU.Build.0 = Release|Any CPU
		{151F724B-6680-42AD-9388-A6E042BD3FF8}.Release|x64.ActiveCfg = Release|Any CPU
		{151F724B-6680-42AD-9388-A6E042BD3FF8}.Release|x64.Build.0 = Release|Any CPU
		{151F724B-6680-42AD-9388-A6E042BD3FF8}.Release|x86.ActiveCfg = Release|Any CPU
		{151F724B-6680-42AD-9388-A6E042BD3FF8}.Release|x86.Build.0 = Release|Any CPU
	EndGlobalSection
	GlobalSection(SolutionProperties) = preSolution
		HideSolutionNode = FALSE
	EndGlobalSection
	GlobalSection(ExtensibilityGlobals) = postSolution
		SolutionGuid = {06C7F307-A2A8-4BB0-AC42-86FE30C3FDEE}
	EndGlobalSection
EndGlobal
